
Microsoft Visual Studio Solution File, Format Version 12.00
# Visual Studio Version 17
VisualStudioVersion = 17.11.35431.28
MinimumVisualStudioVersion = 10.0.40219.1
Project("{FAE04EC0-301F-11D3-BF4B-00C04F79EFBC}") = "WinFormsSemesterProjekt", "WinFormsSemesterProjekt\WinFormsSemesterProjekt.csproj", "{A06FB2CA-06DD-4AF2-A2E9-FDEB294B629C}"
EndProject
Global
	GlobalSection(SolutionConfigurationPlatforms) = preSolution
		Debug|Any CPU = Debug|Any CPU
		Release|Any CPU = Release|Any CPU
	EndGlobalSection
	GlobalSection(ProjectConfigurationPlatforms) = postSolution
		{A06FB2CA-06DD-4AF2-A2E9-FDEB294B629C}.Debug|Any CPU.ActiveCfg = Debug|Any CPU
		{A06FB2CA-06DD-4AF2-A2E9-FDEB294B629C}.Debug|Any CPU.Build.0 = Debug|Any CPU
		{A06FB2CA-06DD-4AF2-A2E9-FDEB294B629C}.Release|Any CPU.ActiveCfg = Release|Any CPU
		{A06FB2CA-06DD-4AF2-A2E9-FDEB294B629C}.Release|Any CPU.Build.0 = Release|Any CPU
	EndGlobalSection
	GlobalSection(SolutionProperties) = preSolution
		HideSolutionNode = FALSE
	EndGlobalSection
	GlobalSection(ExtensibilityGlobals) = postSolution
		SolutionGuid = {3D85C59B-389C-4763-877C-6381DE7CEBCD}
	EndGlobalSection
EndGlobal
